
Microsoft Visual Studio Solution File, Format Version 12.00
# Visual Studio Version 17
VisualStudioVersion = 17.11.35312.102
MinimumVisualStudioVersion = 10.0.40219.1
Project("{FAE04EC0-301F-11D3-BF4B-00C04F79EFBC}") = "Models", "Models.csproj", "{E234424B-CF95-4CD5-BC29-AC764E77E3B7}"
EndProject
Project("{2150E333-8FDC-42A3-9474-1A3956D46DE8}") = "Solution Items", "Solution Items", "{9F55EEE2-6315-48D4-A5F0-5EA82232BE93}"
	ProjectSection(SolutionItems) = preProject
		Cars.cs = Cars.cs
		Users.cs = Users.cs
	EndProjectSection
EndProject
Project("{FAE04EC0-301F-11D3-BF4B-00C04F79EFBC}") = "DataAccess", "..\DataAccess\DataAccess.csproj", "{2E6792F9-A4CF-43BB-952F-15DEB55646FE}"
EndProject
Global
	GlobalSection(SolutionConfigurationPlatforms) = preSolution
		Debug|Any CPU = Debug|Any CPU
		Release|Any CPU = Release|Any CPU
	EndGlobalSection
	GlobalSection(ProjectConfigurationPlatforms) = postSolution
		{E234424B-CF95-4CD5-BC29-AC764E77E3B7}.Debug|Any CPU.ActiveCfg = Debug|Any CPU
		{E234424B-CF95-4CD5-BC29-AC764E77E3B7}.Debug|Any CPU.Build.0 = Debug|Any CPU
		{E234424B-CF95-4CD5-BC29-AC764E77E3B7}.Release|Any CPU.ActiveCfg = Release|Any CPU
		{E234424B-CF95-4CD5-BC29-AC764E77E3B7}.Release|Any CPU.Build.0 = Release|Any CPU
		{2E6792F9-A4CF-43BB-952F-15DEB55646FE}.Debug|Any CPU.ActiveCfg = Debug|Any CPU
		{2E6792F9-A4CF-43BB-952F-15DEB55646FE}.Debug|Any CPU.Build.0 = Debug|Any CPU
		{2E6792F9-A4CF-43BB-952F-15DEB55646FE}.Release|Any CPU.ActiveCfg = Release|Any CPU
		{2E6792F9-A4CF-43BB-952F-15DEB55646FE}.Release|Any CPU.Build.0 = Release|Any CPU
	EndGlobalSection
	GlobalSection(SolutionProperties) = preSolution
		HideSolutionNode = FALSE
	EndGlobalSection
	GlobalSection(ExtensibilityGlobals) = postSolution
		SolutionGuid = {08D07E53-01D5-4021-AA2B-8CD10E338B3C}
	EndGlobalSection
EndGlobal
